
Microsoft Visual Studio Solution File, Format Version 12.00
# Visual Studio Version 16
VisualStudioVersion = 16.0.30717.126
MinimumVisualStudioVersion = 10.0.40219.1
Project("{FAE04EC0-301F-11D3-BF4B-00C04F79EFBC}") = "Assignment1", "Assignment1\Assignment1.csproj", "{5B23C5F0-EF55-4C6A-9E87-70735B4018DF}"
EndProject
Project("{FAE04EC0-301F-11D3-BF4B-00C04F79EFBC}") = "Assignment1.Demo", "Assignment1.Demo\Assignment1.Demo.csproj", "{2AC62C91-1816-4580-8532-6CF8A6F4B579}"
EndProject
Global
	GlobalSection(SolutionConfigurationPlatforms) = preSolution
		Debug|Any CPU = Debug|Any CPU
		Release|Any CPU = Release|Any CPU
	EndGlobalSection
	GlobalSection(ProjectConfigurationPlatforms) = postSolution
		{5B23C5F0-EF55-4C6A-9E87-70735B4018DF}.Debug|Any CPU.ActiveCfg = Debug|Any CPU
		{5B23C5F0-EF55-4C6A-9E87-70735B4018DF}.Debug|Any CPU.Build.0 = Debug|Any CPU
		{5B23C5F0-EF55-4C6A-9E87-70735B4018DF}.Release|Any CPU.ActiveCfg = Release|Any CPU
		{5B23C5F0-EF55-4C6A-9E87-70735B4018DF}.Release|Any CPU.Build.0 = Release|Any CPU
		{2AC62C91-1816-4580-8532-6CF8A6F4B579}.Debug|Any CPU.ActiveCfg = Debug|Any CPU
		{2AC62C91-1816-4580-8532-6CF8A6F4B579}.Debug|Any CPU.Build.0 = Debug|Any CPU
		{2AC62C91-1816-4580-8532-6CF8A6F4B579}.Release|Any CPU.ActiveCfg = Release|Any CPU
		{2AC62C91-1816-4580-8532-6CF8A6F4B579}.Release|Any CPU.Build.0 = Release|Any CPU
	EndGlobalSection
	GlobalSection(SolutionProperties) = preSolution
		HideSolutionNode = FALSE
	EndGlobalSection
	GlobalSection(ExtensibilityGlobals) = postSolution
		SolutionGuid = {075193BC-3924-4B29-8BE2-9D678ADDB8DD}
	EndGlobalSection
EndGlobal
